<?xml version="1.0" encoding="utf-8"?>
<Project ToolsVersion="4.0" xmlns="http://schemas.microsoft.com/developer/msbuild/2003">
  <ItemGroup>
    <Filter Include="Source Files">
      <UniqueIdentifier>{4FC737F1-C7A5-4376-A066-2A32D752A2FF}</UniqueIdentifier>
      <Extensions>cpp;c;cc;cxx;c++;cppm;ixx;def;odl;idl;hpj;bat;asm;asmx</Extensions>
    </Filter>
    <Filter Include="Header Files">
      <UniqueIdentifier>{93995380-89BD-4b04-88EB-625FBE52EBFB}</UniqueIdentifier>
      <Extensions>h;hh;hpp;hxx;h++;hm;inl;inc;ipp;xsd</Extensions>
    </Filter>
    <Filter Include="Header Files\Interfaces">
      <UniqueIdentifier>{a0583422-9bad-440b-82ae-ac8393323872}</UniqueIdentifier>
    </Filter>
    <Filter Include="Header Files\Compilers">
      <UniqueIdentifier>{3187df4a-488c-48a4-82e0-9ffeef9470ec}</UniqueIdentifier>
    </Filter>
    <Filter Include="Source Files\Compilers">
      <UniqueIdentifier>{6688e2e0-3264-40ff-9bd1-9b54bc645e58}</UniqueIdentifier>
    </Filter>
    <Filter Include="Source Files\Processes">
      <UniqueIdentifier>{5047b374-f486-4bcd-a60e-641fb9b05e74}</UniqueIdentifier>
    </Filter>
  </ItemGroup>
  <ItemGroup>
    <ClCompile Include="src\Request.cpp">
      <Filter>Source Files</Filter>
    </ClCompile>
    <ClCompile Include="src\Config.cpp">
      <Filter>Source Files</Filter>
    </ClCompile>
    <ClCompile Include="src\Response.cpp">
      <Filter>Source Files</Filter>
    </ClCompile>
    <ClCompile Include="src\TaskPerformer.cpp">
      <Filter>Source Files</Filter>
    </ClCompile>
    <ClCompile Include="src\Compiler.cpp">
      <Filter>Source Files</Filter>
    </ClCompile>
    <ClCompile Include="src\Compilers\CppCompilerImpl.cpp">
      <Filter>Source Files\Compilers</Filter>
    </ClCompile>
    <ClCompile Include="src\Compilers\BaseCompilerImpl.cpp">
      <Filter>Source Files\Compilers</Filter>
    </ClCompile>
    <ClCompile Include="src\Executables\Process_win.cpp">
      <Filter>Source Files\Processes</Filter>
    </ClCompile>
    <ClCompile Include="src\Process.cpp">
      <Filter>Source Files</Filter>
    </ClCompile>
  </ItemGroup>
  <ItemGroup>
    <ClInclude Include="src\include\Response.h">
      <Filter>Header Files</Filter>
    </ClInclude>
    <ClInclude Include="src\include\Request.h">
      <Filter>Header Files</Filter>
    </ClInclude>
    <ClInclude Include="src\include\Config.h">
      <Filter>Header Files</Filter>
    </ClInclude>
    <ClInclude Include="src\include\Interfaces\IRequestImpl.h">
      <Filter>Header Files\Interfaces</Filter>
    </ClInclude>
    <ClInclude Include="src\include\Interfaces\IConfigImpl.h">
      <Filter>Header Files\Interfaces</Filter>
    </ClInclude>
    <ClInclude Include="src\stdafx.h">
      <Filter>Source Files</Filter>
    </ClInclude>
    <ClInclude Include="src\include\TaskPerformer.h">
      <Filter>Header Files</Filter>
    </ClInclude>
    <ClInclude Include="src\include\Compiler.h">
      <Filter>Header Files</Filter>
    </ClInclude>
    <ClInclude Include="src\include\Interfaces\ICompilerImpl.h">
      <Filter>Header Files\Interfaces</Filter>
    </ClInclude>
    <ClInclude Include="src\include\Compilers\CppCompilerImpl.h">
      <Filter>Header Files\Compilers</Filter>
    </ClInclude>
    <ClInclude Include="src\include\Compilers\BaseCompilerImpl.h">
      <Filter>Header Files\Compilers</Filter>
    </ClInclude>
    <ClInclude Include="src\include\Interfaces\IProcessImpl.h">
      <Filter>Header Files\Interfaces</Filter>
    </ClInclude>
    <ClInclude Include="src\include\Process.h">
      <Filter>Header Files</Filter>
    </ClInclude>
  </ItemGroup>
  <ItemGroup>
    <None Include="packages.config" />
  </ItemGroup>
</Project>